
Microsoft Visual Studio Solution File, Format Version 12.00
# Visual Studio Version 17
VisualStudioVersion = 17.3.32819.101
MinimumVisualStudioVersion = 10.0.40219.1
Project("{9A19103F-16F7-4668-BE54-9A1E7A4F7556}") = "AdventOfCode2023", "AdventOfCode2023\AdventOfCode2023.csproj", "{42F88ECF-2E9D-4351-96A1-A4C206285D96}"
EndProject
Project("{FAE04EC0-301F-11D3-BF4B-00C04F79EFBC}") = "AdventOfCode2023.Test", "AdventOfCode2023.Test\AdventOfCode2023.Test.csproj", "{A183C530-F6CE-4AC0-8B45-3C0C25E50E7C}"
EndProject
Global
	GlobalSection(SolutionConfigurationPlatforms) = preSolution
		Debug|Any CPU = Debug|Any CPU
		Release|Any CPU = Release|Any CPU
	EndGlobalSection
	GlobalSection(ProjectConfigurationPlatforms) = postSolution
		{42F88ECF-2E9D-4351-96A1-A4C206285D96}.Debug|Any CPU.ActiveCfg = Debug|Any CPU
		{42F88ECF-2E9D-4351-96A1-A4C206285D96}.Debug|Any CPU.Build.0 = Debug|Any CPU
		{42F88ECF-2E9D-4351-96A1-A4C206285D96}.Release|Any CPU.ActiveCfg = Release|Any CPU
		{42F88ECF-2E9D-4351-96A1-A4C206285D96}.Release|Any CPU.Build.0 = Release|Any CPU
		{A183C530-F6CE-4AC0-8B45-3C0C25E50E7C}.Debug|Any CPU.ActiveCfg = Debug|Any CPU
		{A183C530-F6CE-4AC0-8B45-3C0C25E50E7C}.Debug|Any CPU.Build.0 = Debug|Any CPU
		{A183C530-F6CE-4AC0-8B45-3C0C25E50E7C}.Release|Any CPU.ActiveCfg = Release|Any CPU
		{A183C530-F6CE-4AC0-8B45-3C0C25E50E7C}.Release|Any CPU.Build.0 = Release|Any CPU
	EndGlobalSection
	GlobalSection(SolutionProperties) = preSolution
		HideSolutionNode = FALSE
	EndGlobalSection
	GlobalSection(ExtensibilityGlobals) = postSolution
		SolutionGuid = {76A5C685-47D5-4E78-B6C8-54F8969DBEAF}
	EndGlobalSection
EndGlobal
